
Microsoft Visual Studio Solution File, Format Version 12.00
# Visual Studio 15
VisualStudioVersion = 15.0.26730.15
MinimumVisualStudioVersion = 10.0.40219.1
Project("{151D2E53-A2C4-4D7D-83FE-D05416EBD58E}") = "AzureResourceGroup", "AzureResourceGroup\AzureResourceGroup.deployproj", "{173B3A14-7483-4FAE-A105-E66C142A83CD}"
EndProject
Project("{9092AA53-FB77-4645-B42D-1CCCA6BD08BD}") = "ShapeToGeoJSON", "ShapeToGeoJSON\ShapeToGeoJSON.njsproj", "{F7813A84-4E96-4FCA-8163-F7357AA2DAA3}"
EndProject
Global
	GlobalSection(SolutionConfigurationPlatforms) = preSolution
		Debug|Any CPU = Debug|Any CPU
		Release|Any CPU = Release|Any CPU
	EndGlobalSection
	GlobalSection(ProjectConfigurationPlatforms) = postSolution
		{173B3A14-7483-4FAE-A105-E66C142A83CD}.Debug|Any CPU.ActiveCfg = Debug|Any CPU
		{173B3A14-7483-4FAE-A105-E66C142A83CD}.Debug|Any CPU.Build.0 = Debug|Any CPU
		{173B3A14-7483-4FAE-A105-E66C142A83CD}.Release|Any CPU.ActiveCfg = Release|Any CPU
		{173B3A14-7483-4FAE-A105-E66C142A83CD}.Release|Any CPU.Build.0 = Release|Any CPU
		{F7813A84-4E96-4FCA-8163-F7357AA2DAA3}.Debug|Any CPU.ActiveCfg = Debug|Any CPU
		{F7813A84-4E96-4FCA-8163-F7357AA2DAA3}.Debug|Any CPU.Build.0 = Debug|Any CPU
		{F7813A84-4E96-4FCA-8163-F7357AA2DAA3}.Release|Any CPU.ActiveCfg = Release|Any CPU
		{F7813A84-4E96-4FCA-8163-F7357AA2DAA3}.Release|Any CPU.Build.0 = Release|Any CPU
	EndGlobalSection
	GlobalSection(SolutionProperties) = preSolution
		HideSolutionNode = FALSE
	EndGlobalSection
	GlobalSection(ExtensibilityGlobals) = postSolution
		SolutionGuid = {C5E09195-3891-4B3B-BE73-CAAA44615321}
	EndGlobalSection
EndGlobal
